
Microsoft Visual Studio Solution File, Format Version 12.00
# Visual Studio Version 16
VisualStudioVersion = 16.0.31321.278
MinimumVisualStudioVersion = 10.0.40219.1
Project("{FAE04EC0-301F-11D3-BF4B-00C04F79EFBC}") = "FUNNELVENTAS", "FUNNELVENTAS\FUNNELVENTAS.csproj", "{38992375-BA00-4ACB-B678-7854B72DB665}"
EndProject
Global
	GlobalSection(SolutionConfigurationPlatforms) = preSolution
		Debug|Any CPU = Debug|Any CPU
		Release|Any CPU = Release|Any CPU
	EndGlobalSection
	GlobalSection(ProjectConfigurationPlatforms) = postSolution
		{38992375-BA00-4ACB-B678-7854B72DB665}.Debug|Any CPU.ActiveCfg = Debug|Any CPU
		{38992375-BA00-4ACB-B678-7854B72DB665}.Debug|Any CPU.Build.0 = Debug|Any CPU
		{38992375-BA00-4ACB-B678-7854B72DB665}.Release|Any CPU.ActiveCfg = Release|Any CPU
		{38992375-BA00-4ACB-B678-7854B72DB665}.Release|Any CPU.Build.0 = Release|Any CPU
	EndGlobalSection
	GlobalSection(SolutionProperties) = preSolution
		HideSolutionNode = FALSE
	EndGlobalSection
	GlobalSection(ExtensibilityGlobals) = postSolution
		SolutionGuid = {478F78D5-FC0B-4E77-92B2-58B186EE0333}
	EndGlobalSection
EndGlobal
